
Microsoft Visual Studio Solution File, Format Version 12.00
# Visual Studio Version 16
VisualStudioVersion = 16.0.30709.132
MinimumVisualStudioVersion = 10.0.40219.1
Project("{9A19103F-16F7-4668-BE54-9A1E7A4F7556}") = "OneTech.WebUi", "OneTech.WebUi\OneTech.WebUi.csproj", "{E98B900B-73E0-4E10-AF03-A118237CEB02}"
EndProject
Project("{9A19103F-16F7-4668-BE54-9A1E7A4F7556}") = "OneTech.Data", "OneTech.Data\OneTech.Data.csproj", "{E795FD73-6E97-4543-8BEA-95037BDF511B}"
EndProject
Project("{9A19103F-16F7-4668-BE54-9A1E7A4F7556}") = "OneTech.Entity", "OneTech.Entity\OneTech.Entity.csproj", "{5D2B1E37-EC60-48B0-98F3-531E39D5D2F8}"
EndProject
Project("{9A19103F-16F7-4668-BE54-9A1E7A4F7556}") = "OneTech.Business", "OneTech.Business\OneTech.Business.csproj", "{B769D4DE-CD36-412A-98A8-D18336900258}"
EndProject
Project("{FAE04EC0-301F-11D3-BF4B-00C04F79EFBC}") = "OneTech.WepApi", "OneTech.WepApi\OneTech.WepApi.csproj", "{713F2557-5709-430C-B055-9765DE769FBB}"
EndProject
Global
	GlobalSection(SolutionConfigurationPlatforms) = preSolution
		Debug|Any CPU = Debug|Any CPU
		Release|Any CPU = Release|Any CPU
	EndGlobalSection
	GlobalSection(ProjectConfigurationPlatforms) = postSolution
		{E98B900B-73E0-4E10-AF03-A118237CEB02}.Debug|Any CPU.ActiveCfg = Debug|Any CPU
		{E98B900B-73E0-4E10-AF03-A118237CEB02}.Debug|Any CPU.Build.0 = Debug|Any CPU
		{E98B900B-73E0-4E10-AF03-A118237CEB02}.Release|Any CPU.ActiveCfg = Release|Any CPU
		{E98B900B-73E0-4E10-AF03-A118237CEB02}.Release|Any CPU.Build.0 = Release|Any CPU
		{E795FD73-6E97-4543-8BEA-95037BDF511B}.Debug|Any CPU.ActiveCfg = Debug|Any CPU
		{E795FD73-6E97-4543-8BEA-95037BDF511B}.Debug|Any CPU.Build.0 = Debug|Any CPU
		{E795FD73-6E97-4543-8BEA-95037BDF511B}.Release|Any CPU.ActiveCfg = Release|Any CPU
		{E795FD73-6E97-4543-8BEA-95037BDF511B}.Release|Any CPU.Build.0 = Release|Any CPU
		{5D2B1E37-EC60-48B0-98F3-531E39D5D2F8}.Debug|Any CPU.ActiveCfg = Debug|Any CPU
		{5D2B1E37-EC60-48B0-98F3-531E39D5D2F8}.Debug|Any CPU.Build.0 = Debug|Any CPU
		{5D2B1E37-EC60-48B0-98F3-531E39D5D2F8}.Release|Any CPU.ActiveCfg = Release|Any CPU
		{5D2B1E37-EC60-48B0-98F3-531E39D5D2F8}.Release|Any CPU.Build.0 = Release|Any CPU
		{B769D4DE-CD36-412A-98A8-D18336900258}.Debug|Any CPU.ActiveCfg = Debug|Any CPU
		{B769D4DE-CD36-412A-98A8-D18336900258}.Debug|Any CPU.Build.0 = Debug|Any CPU
		{B769D4DE-CD36-412A-98A8-D18336900258}.Release|Any CPU.ActiveCfg = Release|Any CPU
		{B769D4DE-CD36-412A-98A8-D18336900258}.Release|Any CPU.Build.0 = Release|Any CPU
		{713F2557-5709-430C-B055-9765DE769FBB}.Debug|Any CPU.ActiveCfg = Debug|Any CPU
		{713F2557-5709-430C-B055-9765DE769FBB}.Debug|Any CPU.Build.0 = Debug|Any CPU
		{713F2557-5709-430C-B055-9765DE769FBB}.Release|Any CPU.ActiveCfg = Release|Any CPU
		{713F2557-5709-430C-B055-9765DE769FBB}.Release|Any CPU.Build.0 = Release|Any CPU
	EndGlobalSection
	GlobalSection(SolutionProperties) = preSolution
		HideSolutionNode = FALSE
	EndGlobalSection
	GlobalSection(ExtensibilityGlobals) = postSolution
		SolutionGuid = {F85D725B-ACED-4F23-B7D9-A605183DE812}
	EndGlobalSection
EndGlobal
