{
  "requires": true,
  "lockfileVersion": 1,
  "dependencies": {
    "bootstrap-slider": {
      "version": "11.0.2",
      "resolved": "https://registry.npmjs.org/bootstrap-slider/-/bootstrap-slider-11.0.2.tgz",
      "integrity": "sha512-CdwS+Z6X79OkLes9RfDgPB9UIY/+81wTkm6ktdSB6hdyiRbjJLFQIjZdnEr55tDyXZfgC7U6yeSXkNN9ZdGqjA=="
    },
    "jquery-validation": {
      "version": "1.19.3",
      "resolved": "https://registry.npmjs.org/jquery-validation/-/jquery-validation-1.19.3.tgz",
      "integrity": "sha512-iXxCS5W7STthSTMFX/NDZfWHBLbJ1behVK3eAgHXAV8/0vRa9M4tiqHvJMr39VGWHMGdlkhrtrkBuaL2UlE8yw=="
    }
  }
}
